Microsoft Visual Studio Solution File, Format Version 12.00
# Visual Studio Version 17
VisualStudioVersion = 17.0.31903.59
MinimumVisualStudioVersion = 15.0.26124.0
Project("{2150E333-8FDC-42A3-9474-1A3956D46DE8}") = "Platforms", "Platforms", "{B33CA1B4-44EE-4E67-ACF2-8DD48F6F5423}"
EndProject
Project("{2150E333-8FDC-42A3-9474-1A3956D46DE8}") = "Tests", "Tests", "{80122D1F-2007-42DF-8D9B-40E81093B800}"
EndProject
Project("{2150E333-8FDC-42A3-9474-1A3956D46DE8}") = "Solution Items", "Solution Items", "{CD1E8909-0BDA-4B27-9841-EB77146C1D7F}"
	ProjectSection(SolutionItems) = preProject
		Directory.Build.props = Directory.Build.props
		Directory.Build.targets = Directory.Build.targets
		Extensions.props = Extensions.props
		Extensions.winui.props = Extensions.winui.props
	EndProjectSection
EndProject
Project("{9A19103F-16F7-4668-BE54-9A1E7A4F7556}") = "ToDo", "ToDo\ToDo.csproj", "{F7E9E057-B927-4FEA-BC60-103901792F55}"
EndProject
Project("{9A19103F-16F7-4668-BE54-9A1E7A4F7556}") = "ToDo.Tests", "ToDo.Tests\ToDo.Tests.csproj", "{90600D58-C6C8-46F1-BC19-BD1BEDDB8332}"
EndProject
Project("{9A19103F-16F7-4668-BE54-9A1E7A4F7556}") = "ToDo.UITests", "ToDo.UITests\ToDo.UITests.csproj", "{A7CA591C-6BB0-4C92-AD26-4482E6163674}"
EndProject
Project("{9A19103F-16F7-4668-BE54-9A1E7A4F7556}") = "ToDo.Mobile", "ToDo.Mobile\ToDo.Mobile.csproj", "{17CD9456-E63D-4F01-A92B-825B31045FA9}"
EndProject
Project("{9A19103F-16F7-4668-BE54-9A1E7A4F7556}") = "ToDo.Windows", "ToDo.Windows\ToDo.Windows.csproj", "{CD56FC8A-ADBD-4C9D-B506-9DB890CC1DF9}"
EndProject
Project("{9A19103F-16F7-4668-BE54-9A1E7A4F7556}") = "ToDo.Wasm", "ToDo.Wasm\ToDo.Wasm.csproj", "{26E2914F-4B4B-43EF-945B-CC2669D1A454}"
EndProject
Project("{9A19103F-16F7-4668-BE54-9A1E7A4F7556}") = "ToDo.Skia.Gtk", "ToDo.Skia.Gtk\ToDo.Skia.Gtk.csproj", "{899B18A9-E4BA-4B26-ADF6-A01AEE393FC0}"
EndProject
Project("{9A19103F-16F7-4668-BE54-9A1E7A4F7556}") = "ToDo.Skia.Wpf", "ToDo.Skia.WPF\ToDo.Skia.Wpf.csproj", "{35045619-50CE-4FF6-92FE-388C972395DB}"
EndProject
Global
	GlobalSection(SolutionConfigurationPlatforms) = preSolution
		Ad-Hoc|Any CPU = Ad-Hoc|Any CPU
		Ad-Hoc|ARM = Ad-Hoc|ARM
		Ad-Hoc|ARM64 = Ad-Hoc|ARM64
		Ad-Hoc|iPhone = Ad-Hoc|iPhone
		Ad-Hoc|iPhoneSimulator = Ad-Hoc|iPhoneSimulator
		Ad-Hoc|x64 = Ad-Hoc|x64
		Ad-Hoc|x86 = Ad-Hoc|x86
		AppStore|Any CPU = AppStore|Any CPU
		AppStore|ARM = AppStore|ARM
		AppStore|ARM64 = AppStore|ARM64
		AppStore|iPhone = AppStore|iPhone
		AppStore|iPhoneSimulator = AppStore|iPhoneSimulator
		AppStore|x64 = AppStore|x64
		AppStore|x86 = AppStore|x86
		Debug|Any CPU = Debug|Any CPU
		Debug|ARM = Debug|ARM
		Debug|ARM64 = Debug|ARM64
		Debug|iPhone = Debug|iPhone
		Debug|iPhoneSimulator = Debug|iPhoneSimulator
		Debug|x64 = Debug|x64
		Debug|x86 = Debug|x86
		Release|Any CPU = Release|Any CPU
		Release|ARM = Release|ARM
		Release|ARM64 = Release|ARM64
		Release|iPhone = Release|iPhone
		Release|iPhoneSimulator = Release|iPhoneSimulator
		Release|x64 = Release|x64
		Release|x86 = Release|x86
	EndGlobalSection
	GlobalSection(ProjectConfigurationPlatforms) = postSolution
		{F7E9E057-B927-4FEA-BC60-103901792F55}.Ad-Hoc|Any CPU.ActiveCfg = Debug|Any CPU
		{F7E9E057-B927-4FEA-BC60-103901792F55}.Ad-Hoc|Any CPU.Build.0 = Debug|Any CPU
		{F7E9E057-B927-4FEA-BC60-103901792F55}.Ad-Hoc|ARM.ActiveCfg = Debug|Any CPU
		{F7E9E057-B927-4FEA-BC60-103901792F55}.Ad-Hoc|ARM.Build.0 = Debug|Any CPU
		{F7E9E057-B927-4FEA-BC60-103901792F55}.Ad-Hoc|ARM64.ActiveCfg = Debug|Any CPU
		{F7E9E057-B927-4FEA-BC60-103901792F55}.Ad-Hoc|ARM64.Build.0 = Debug|Any CPU
		{F7E9E057-B927-4FEA-BC60-103901792F55}.Ad-Hoc|iPhone.ActiveCfg = Debug|Any CPU
		{F7E9E057-B927-4FEA-BC60-103901792F55}.Ad-Hoc|iPhone.Build.0 = Debug|Any CPU
		{F7E9E057-B927-4FEA-BC60-103901792F55}.Ad-Hoc|iPhoneSimulator.ActiveCfg = Debug|Any CPU
		{F7E9E057-B927-4FEA-BC60-103901792F55}.Ad-Hoc|iPhoneSimulator.Build.0 = Debug|Any CPU
		{F7E9E057-B927-4FEA-BC60-103901792F55}.Ad-Hoc|x64.ActiveCfg = Debug|Any CPU
		{F7E9E057-B927-4FEA-BC60-103901792F55}.Ad-Hoc|x64.Build.0 = Debug|Any CPU
		{F7E9E057-B927-4FEA-BC60-103901792F55}.Ad-Hoc|x86.ActiveCfg = Debug|Any CPU
		{F7E9E057-B927-4FEA-BC60-103901792F55}.Ad-Hoc|x86.Build.0 = Debug|Any CPU
		{F7E9E057-B927-4FEA-BC60-103901792F55}.AppStore|Any CPU.ActiveCfg = Debug|Any CPU
		{F7E9E057-B927-4FEA-BC60-103901792F55}.AppStore|Any CPU.Build.0 = Debug|Any CPU
		{F7E9E057-B927-4FEA-BC60-103901792F55}.AppStore|ARM.ActiveCfg = Debug|Any CPU
		{F7E9E057-B927-4FEA-BC60-103901792F55}.AppStore|ARM.Build.0 = Debug|Any CPU
		{F7E9E057-B927-4FEA-BC60-103901792F55}.AppStore|ARM64.ActiveCfg = Debug|Any CPU
		{F7E9E057-B927-4FEA-BC60-103901792F55}.AppStore|ARM64.Build.0 = Debug|Any CPU
		{F7E9E057-B927-4FEA-BC60-103901792F55}.AppStore|iPhone.ActiveCfg = Debug|Any CPU
		{F7E9E057-B927-4FEA-BC60-103901792F55}.AppStore|iPhone.Build.0 = Debug|Any CPU
		{F7E9E057-B927-4FEA-BC60-103901792F55}.AppStore|iPhoneSimulator.ActiveCfg = Debug|Any CPU
		{F7E9E057-B927-4FEA-BC60-103901792F55}.AppStore|iPhoneSimulator.Build.0 = Debug|Any CPU
		{F7E9E057-B927-4FEA-BC60-103901792F55}.AppStore|x64.ActiveCfg = Debug|Any CPU
		{F7E9E057-B927-4FEA-BC60-103901792F55}.AppStore|x64.Build.0 = Debug|Any CPU
		{F7E9E057-B927-4FEA-BC60-103901792F55}.AppStore|x86.ActiveCfg = Debug|Any CPU
		{F7E9E057-B927-4FEA-BC60-103901792F55}.AppStore|x86.Build.0 = Debug|Any CPU
		{F7E9E057-B927-4FEA-BC60-103901792F55}.Debug|Any CPU.ActiveCfg = Debug|Any CPU
		{F7E9E057-B927-4FEA-BC60-103901792F55}.Debug|Any CPU.Build.0 = Debug|Any CPU
		{F7E9E057-B927-4FEA-BC60-103901792F55}.Debug|ARM.ActiveCfg = Debug|Any CPU
		{F7E9E057-B927-4FEA-BC60-103901792F55}.Debug|ARM.Build.0 = Debug|Any CPU
		{F7E9E057-B927-4FEA-BC60-103901792F55}.Debug|ARM64.ActiveCfg = Debug|Any CPU
		{F7E9E057-B927-4FEA-BC60-103901792F55}.Debug|ARM64.Build.0 = Debug|Any CPU
		{F7E9E057-B927-4FEA-BC60-103901792F55}.Debug|iPhone.ActiveCfg = Debug|Any CPU
		{F7E9E057-B927-4FEA-BC60-103901792F55}.Debug|iPhone.Build.0 = Debug|Any CPU
		{F7E9E057-B927-4FEA-BC60-103901792F55}.Debug|iPhoneSimulator.ActiveCfg = Debug|Any CPU
		{F7E9E057-B927-4FEA-BC60-103901792F55}.Debug|iPhoneSimulator.Build.0 = Debug|Any CPU
		{F7E9E057-B927-4FEA-BC60-103901792F55}.Debug|x64.ActiveCfg = Debug|Any CPU
		{F7E9E057-B927-4FEA-BC60-103901792F55}.Debug|x64.Build.0 = Debug|Any CPU
		{F7E9E057-B927-4FEA-BC60-103901792F55}.Debug|x86.ActiveCfg = Debug|Any CPU
		{F7E9E057-B927-4FEA-BC60-103901792F55}.Debug|x86.Build.0 = Debug|Any CPU
		{F7E9E057-B927-4FEA-BC60-103901792F55}.Release|Any CPU.ActiveCfg = Release|Any CPU
		{F7E9E057-B927-4FEA-BC60-103901792F55}.Release|Any CPU.Build.0 = Release|Any CPU
		{F7E9E057-B927-4FEA-BC60-103901792F55}.Release|ARM.ActiveCfg = Release|Any CPU
		{F7E9E057-B927-4FEA-BC60-103901792F55}.Release|ARM.Build.0 = Release|Any CPU
		{F7E9E057-B927-4FEA-BC60-103901792F55}.Release|ARM64.ActiveCfg = Release|Any CPU
		{F7E9E057-B927-4FEA-BC60-103901792F55}.Release|ARM64.Build.0 = Release|Any CPU
		{F7E9E057-B927-4FEA-BC60-103901792F55}.Release|iPhone.ActiveCfg = Release|Any CPU
		{F7E9E057-B927-4FEA-BC60-103901792F55}.Release|iPhone.Build.0 = Release|Any CPU
		{F7E9E057-B927-4FEA-BC60-103901792F55}.Release|iPhoneSimulator.ActiveCfg = Release|Any CPU
		{F7E9E057-B927-4FEA-BC60-103901792F55}.Release|iPhoneSimulator.Build.0 = Release|Any CPU
		{F7E9E057-B927-4FEA-BC60-103901792F55}.Release|x64.ActiveCfg = Release|Any CPU
		{F7E9E057-B927-4FEA-BC60-103901792F55}.Release|x64.Build.0 = Release|Any CPU
		{F7E9E057-B927-4FEA-BC60-103901792F55}.Release|x86.ActiveCfg = Release|Any CPU
		{F7E9E057-B927-4FEA-BC60-103901792F55}.Release|x86.Build.0 = Release|Any CPU
		{90600D58-C6C8-46F1-BC19-BD1BEDDB8332}.Ad-Hoc|Any CPU.ActiveCfg = Debug|Any CPU
		{90600D58-C6C8-46F1-BC19-BD1BEDDB8332}.Ad-Hoc|Any CPU.Build.0 = Debug|Any CPU
		{90600D58-C6C8-46F1-BC19-BD1BEDDB8332}.Ad-Hoc|ARM.ActiveCfg = Debug|Any CPU
		{90600D58-C6C8-46F1-BC19-BD1BEDDB8332}.Ad-Hoc|ARM.Build.0 = Debug|Any CPU
		{90600D58-C6C8-46F1-BC19-BD1BEDDB8332}.Ad-Hoc|ARM64.ActiveCfg = Debug|Any CPU
		{90600D58-C6C8-46F1-BC19-BD1BEDDB8332}.Ad-Hoc|ARM64.Build.0 = Debug|Any CPU
		{90600D58-C6C8-46F1-BC19-BD1BEDDB8332}.Ad-Hoc|iPhone.ActiveCfg = Debug|Any CPU
		{90600D58-C6C8-46F1-BC19-BD1BEDDB8332}.Ad-Hoc|iPhone.Build.0 = Debug|Any CPU
		{90600D58-C6C8-46F1-BC19-BD1BEDDB8332}.Ad-Hoc|iPhoneSimulator.ActiveCfg = Debug|Any CPU
		{90600D58-C6C8-46F1-BC19-BD1BEDDB8332}.Ad-Hoc|iPhoneSimulator.Build.0 = Debug|Any CPU
		{90600D58-C6C8-46F1-BC19-BD1BEDDB8332}.Ad-Hoc|x64.ActiveCfg = Debug|Any CPU
		{90600D58-C6C8-46F1-BC19-BD1BEDDB8332}.Ad-Hoc|x64.Build.0 = Debug|Any CPU
		{90600D58-C6C8-46F1-BC19-BD1BEDDB8332}.Ad-Hoc|x86.ActiveCfg = Debug|Any CPU
		{90600D58-C6C8-46F1-BC19-BD1BEDDB8332}.Ad-Hoc|x86.Build.0 = Debug|Any CPU
		{90600D58-C6C8-46F1-BC19-BD1BEDDB8332}.AppStore|Any CPU.ActiveCfg = Debug|Any CPU
		{90600D58-C6C8-46F1-BC19-BD1BEDDB8332}.AppStore|Any CPU.Build.0 = Debug|Any CPU
		{90600D58-C6C8-46F1-BC19-BD1BEDDB8332}.AppStore|ARM.ActiveCfg = Debug|Any CPU
		{90600D58-C6C8-46F1-BC19-BD1BEDDB8332}.AppStore|ARM.Build.0 = Debug|Any CPU
		{90600D58-C6C8-46F1-BC19-BD1BEDDB8332}.AppStore|ARM64.ActiveCfg = Debug|Any CPU
		{90600D58-C6C8-46F1-BC19-BD1BEDDB8332}.AppStore|ARM64.Build.0 = Debug|Any CPU
		{90600D58-C6C8-46F1-BC19-BD1BEDDB8332}.AppStore|iPhone.ActiveCfg = Debug|Any CPU
		{90600D58-C6C8-46F1-BC19-BD1BEDDB8332}.AppStore|iPhone.Build.0 = Debug|Any CPU
		{90600D58-C6C8-46F1-BC19-BD1BEDDB8332}.AppStore|iPhoneSimulator.ActiveCfg = Debug|Any CPU
		{90600D58-C6C8-46F1-BC19-BD1BEDDB8332}.AppStore|iPhoneSimulator.Build.0 = Debug|Any CPU
		{90600D58-C6C8-46F1-BC19-BD1BEDDB8332}.AppStore|x64.ActiveCfg = Debug|Any CPU
		{90600D58-C6C8-46F1-BC19-BD1BEDDB8332}.AppStore|x64.Build.0 = Debug|Any CPU
		{90600D58-C6C8-46F1-BC19-BD1BEDDB8332}.AppStore|x86.ActiveCfg = Debug|Any CPU
		{90600D58-C6C8-46F1-BC19-BD1BEDDB8332}.AppStore|x86.Build.0 = Debug|Any CPU
		{90600D58-C6C8-46F1-BC19-BD1BEDDB8332}.Debug|Any CPU.ActiveCfg = Debug|Any CPU
		{90600D58-C6C8-46F1-BC19-BD1BEDDB8332}.Debug|Any CPU.Build.0 = Debug|Any CPU
		{90600D58-C6C8-46F1-BC19-BD1BEDDB8332}.Debug|ARM.ActiveCfg = Debug|Any CPU
		{90600D58-C6C8-46F1-BC19-BD1BEDDB8332}.Debug|ARM.Build.0 = Debug|Any CPU
		{90600D58-C6C8-46F1-BC19-BD1BEDDB8332}.Debug|ARM64.ActiveCfg = Debug|Any CPU
		{90600D58-C6C8-46F1-BC19-BD1BEDDB8332}.Debug|ARM64.Build.0 = Debug|Any CPU
		{90600D58-C6C8-46F1-BC19-BD1BEDDB8332}.Debug|iPhone.ActiveCfg = Debug|Any CPU
		{90600D58-C6C8-46F1-BC19-BD1BEDDB8332}.Debug|iPhone.Build.0 = Debug|Any CPU
		{90600D58-C6C8-46F1-BC19-BD1BEDDB8332}.Debug|iPhoneSimulator.ActiveCfg = Debug|Any CPU
		{90600D58-C6C8-46F1-BC19-BD1BEDDB8332}.Debug|iPhoneSimulator.Build.0 = Debug|Any CPU
		{90600D58-C6C8-46F1-BC19-BD1BEDDB8332}.Debug|x64.ActiveCfg = Debug|Any CPU
		{90600D58-C6C8-46F1-BC19-BD1BEDDB8332}.Debug|x64.Build.0 = Debug|Any CPU
		{90600D58-C6C8-46F1-BC19-BD1BEDDB8332}.Debug|x86.ActiveCfg = Debug|Any CPU
		{90600D58-C6C8-46F1-BC19-BD1BEDDB8332}.Debug|x86.Build.0 = Debug|Any CPU
		{90600D58-C6C8-46F1-BC19-BD1BEDDB8332}.Release|Any CPU.ActiveCfg = Release|Any CPU
		{90600D58-C6C8-46F1-BC19-BD1BEDDB8332}.Release|Any CPU.Build.0 = Release|Any CPU
		{90600D58-C6C8-46F1-BC19-BD1BEDDB8332}.Release|ARM.ActiveCfg = Release|Any CPU
		{90600D58-C6C8-46F1-BC19-BD1BEDDB8332}.Release|ARM.Build.0 = Release|Any CPU
		{90600D58-C6C8-46F1-BC19-BD1BEDDB8332}.Release|ARM64.ActiveCfg = Release|Any CPU
		{90600D58-C6C8-46F1-BC19-BD1BEDDB8332}.Release|ARM64.Build.0 = Release|Any CPU
		{90600D58-C6C8-46F1-BC19-BD1BEDDB8332}.Release|iPhone.ActiveCfg = Release|Any CPU
		{90600D58-C6C8-46F1-BC19-BD1BEDDB8332}.Release|iPhone.Build.0 = Release|Any CPU
		{90600D58-C6C8-46F1-BC19-BD1BEDDB8332}.Release|iPhoneSimulator.ActiveCfg = Release|Any CPU
		{90600D58-C6C8-46F1-BC19-BD1BEDDB8332}.Release|iPhoneSimulator.Build.0 = Release|Any CPU
		{90600D58-C6C8-46F1-BC19-BD1BEDDB8332}.Release|x64.ActiveCfg = Release|Any CPU
		{90600D58-C6C8-46F1-BC19-BD1BEDDB8332}.Release|x64.Build.0 = Release|Any CPU
		{90600D58-C6C8-46F1-BC19-BD1BEDDB8332}.Release|x86.ActiveCfg = Release|Any CPU
		{90600D58-C6C8-46F1-BC19-BD1BEDDB8332}.Release|x86.Build.0 = Release|Any CPU
		{A7CA591C-6BB0-4C92-AD26-4482E6163674}.Ad-Hoc|Any CPU.ActiveCfg = Debug|Any CPU
		{A7CA591C-6BB0-4C92-AD26-4482E6163674}.Ad-Hoc|Any CPU.Build.0 = Debug|Any CPU
		{A7CA591C-6BB0-4C92-AD26-4482E6163674}.Ad-Hoc|ARM.ActiveCfg = Debug|Any CPU
		{A7CA591C-6BB0-4C92-AD26-4482E6163674}.Ad-Hoc|ARM.Build.0 = Debug|Any CPU
		{A7CA591C-6BB0-4C92-AD26-4482E6163674}.Ad-Hoc|ARM64.ActiveCfg = Debug|Any CPU
		{A7CA591C-6BB0-4C92-AD26-4482E6163674}.Ad-Hoc|ARM64.Build.0 = Debug|Any CPU
		{A7CA591C-6BB0-4C92-AD26-4482E6163674}.Ad-Hoc|iPhone.ActiveCfg = Debug|Any CPU
		{A7CA591C-6BB0-4C92-AD26-4482E6163674}.Ad-Hoc|iPhone.Build.0 = Debug|Any CPU
		{A7CA591C-6BB0-4C92-AD26-4482E6163674}.Ad-Hoc|iPhoneSimulator.ActiveCfg = Debug|Any CPU
		{A7CA591C-6BB0-4C92-AD26-4482E6163674}.Ad-Hoc|iPhoneSimulator.Build.0 = Debug|Any CPU
		{A7CA591C-6BB0-4C92-AD26-4482E6163674}.Ad-Hoc|x64.ActiveCfg = Debug|Any CPU
		{A7CA591C-6BB0-4C92-AD26-4482E6163674}.Ad-Hoc|x64.Build.0 = Debug|Any CPU
		{A7CA591C-6BB0-4C92-AD26-4482E6163674}.Ad-Hoc|x86.ActiveCfg = Debug|Any CPU
		{A7CA591C-6BB0-4C92-AD26-4482E6163674}.Ad-Hoc|x86.Build.0 = Debug|Any CPU
		{A7CA591C-6BB0-4C92-AD26-4482E6163674}.AppStore|Any CPU.ActiveCfg = Debug|Any CPU
		{A7CA591C-6BB0-4C92-AD26-4482E6163674}.AppStore|Any CPU.Build.0 = Debug|Any CPU
		{A7CA591C-6BB0-4C92-AD26-4482E6163674}.AppStore|ARM.ActiveCfg = Debug|Any CPU
		{A7CA591C-6BB0-4C92-AD26-4482E6163674}.AppStore|ARM.Build.0 = Debug|Any CPU
		{A7CA591C-6BB0-4C92-AD26-4482E6163674}.AppStore|ARM64.ActiveCfg = Debug|Any CPU
		{A7CA591C-6BB0-4C92-AD26-4482E6163674}.AppStore|ARM64.Build.0 = Debug|Any CPU
		{A7CA591C-6BB0-4C92-AD26-4482E6163674}.AppStore|iPhone.ActiveCfg = Debug|Any CPU
		{A7CA591C-6BB0-4C92-AD26-4482E6163674}.AppStore|iPhone.Build.0 = Debug|Any CPU
		{A7CA591C-6BB0-4C92-AD26-4482E6163674}.AppStore|iPhoneSimulator.ActiveCfg = Debug|Any CPU
		{A7CA591C-6BB0-4C92-AD26-4482E6163674}.AppStore|iPhoneSimulator.Build.0 = Debug|Any CPU
		{A7CA591C-6BB0-4C92-AD26-4482E6163674}.AppStore|x64.ActiveCfg = Debug|Any CPU
		{A7CA591C-6BB0-4C92-AD26-4482E6163674}.AppStore|x64.Build.0 = Debug|Any CPU
		{A7CA591C-6BB0-4C92-AD26-4482E6163674}.AppStore|x86.ActiveCfg = Debug|Any CPU
		{A7CA591C-6BB0-4C92-AD26-4482E6163674}.AppStore|x86.Build.0 = Debug|Any CPU
		{A7CA591C-6BB0-4C92-AD26-4482E6163674}.Debug|Any CPU.ActiveCfg = Debug|Any CPU
		{A7CA591C-6BB0-4C92-AD26-4482E6163674}.Debug|Any CPU.Build.0 = Debug|Any CPU
		{A7CA591C-6BB0-4C92-AD26-4482E6163674}.Debug|ARM.ActiveCfg = Debug|Any CPU
		{A7CA591C-6BB0-4C92-AD26-4482E6163674}.Debug|ARM.Build.0 = Debug|Any CPU
		{A7CA591C-6BB0-4C92-AD26-4482E6163674}.Debug|ARM64.ActiveCfg = Debug|Any CPU
		{A7CA591C-6BB0-4C92-AD26-4482E6163674}.Debug|ARM64.Build.0 = Debug|Any CPU
		{A7CA591C-6BB0-4C92-AD26-4482E6163674}.Debug|iPhone.ActiveCfg = Debug|Any CPU
		{A7CA591C-6BB0-4C92-AD26-4482E6163674}.Debug|iPhone.Build.0 = Debug|Any CPU
		{A7CA591C-6BB0-4C92-AD26-4482E6163674}.Debug|iPhoneSimulator.ActiveCfg = Debug|Any CPU
		{A7CA591C-6BB0-4C92-AD26-4482E6163674}.Debug|iPhoneSimulator.Build.0 = Debug|Any CPU
		{A7CA591C-6BB0-4C92-AD26-4482E6163674}.Debug|x64.ActiveCfg = Debug|Any CPU
		{A7CA591C-6BB0-4C92-AD26-4482E6163674}.Debug|x64.Build.0 = Debug|Any CPU
		{A7CA591C-6BB0-4C92-AD26-4482E6163674}.Debug|x86.ActiveCfg = Debug|Any CPU
		{A7CA591C-6BB0-4C92-AD26-4482E6163674}.Debug|x86.Build.0 = Debug|Any CPU
		{A7CA591C-6BB0-4C92-AD26-4482E6163674}.Release|Any CPU.ActiveCfg = Release|Any CPU
		{A7CA591C-6BB0-4C92-AD26-4482E6163674}.Release|Any CPU.Build.0 = Release|Any CPU
		{A7CA591C-6BB0-4C92-AD26-4482E6163674}.Release|ARM.ActiveCfg = Release|Any CPU
		{A7CA591C-6BB0-4C92-AD26-4482E6163674}.Release|ARM.Build.0 = Release|Any CPU
		{A7CA591C-6BB0-4C92-AD26-4482E6163674}.Release|ARM64.ActiveCfg = Release|Any CPU
		{A7CA591C-6BB0-4C92-AD26-4482E6163674}.Release|ARM64.Build.0 = Release|Any CPU
		{A7CA591C-6BB0-4C92-AD26-4482E6163674}.Release|iPhone.ActiveCfg = Release|Any CPU
		{A7CA591C-6BB0-4C92-AD26-4482E6163674}.Release|iPhone.Build.0 = Release|Any CPU
		{A7CA591C-6BB0-4C92-AD26-4482E6163674}.Release|iPhoneSimulator.ActiveCfg = Release|Any CPU
		{A7CA591C-6BB0-4C92-AD26-4482E6163674}.Release|iPhoneSimulator.Build.0 = Release|Any CPU
		{A7CA591C-6BB0-4C92-AD26-4482E6163674}.Release|x64.ActiveCfg = Release|Any CPU
		{A7CA591C-6BB0-4C92-AD26-4482E6163674}.Release|x64.Build.0 = Release|Any CPU
		{A7CA591C-6BB0-4C92-AD26-4482E6163674}.Release|x86.ActiveCfg = Release|Any CPU
		{A7CA591C-6BB0-4C92-AD26-4482E6163674}.Release|x86.Build.0 = Release|Any CPU
		{17CD9456-E63D-4F01-A92B-825B31045FA9}.Ad-Hoc|Any CPU.ActiveCfg = Debug|Any CPU
		{17CD9456-E63D-4F01-A92B-825B31045FA9}.Ad-Hoc|Any CPU.Build.0 = Debug|Any CPU
		{17CD9456-E63D-4F01-A92B-825B31045FA9}.Ad-Hoc|Any CPU.Deploy.0 = Debug|Any CPU
		{17CD9456-E63D-4F01-A92B-825B31045FA9}.Ad-Hoc|ARM.ActiveCfg = Debug|Any CPU
		{17CD9456-E63D-4F01-A92B-825B31045FA9}.Ad-Hoc|ARM.Build.0 = Debug|Any CPU
		{17CD9456-E63D-4F01-A92B-825B31045FA9}.Ad-Hoc|ARM.Deploy.0 = Debug|Any CPU
		{17CD9456-E63D-4F01-A92B-825B31045FA9}.Ad-Hoc|ARM64.ActiveCfg = Debug|Any CPU
		{17CD9456-E63D-4F01-A92B-825B31045FA9}.Ad-Hoc|ARM64.Build.0 = Debug|Any CPU
		{17CD9456-E63D-4F01-A92B-825B31045FA9}.Ad-Hoc|ARM64.Deploy.0 = Debug|Any CPU
		{17CD9456-E63D-4F01-A92B-825B31045FA9}.Ad-Hoc|iPhone.ActiveCfg = Debug|Any CPU
		{17CD9456-E63D-4F01-A92B-825B31045FA9}.Ad-Hoc|iPhone.Build.0 = Debug|Any CPU
		{17CD9456-E63D-4F01-A92B-825B31045FA9}.Ad-Hoc|iPhone.Deploy.0 = Debug|Any CPU
		{17CD9456-E63D-4F01-A92B-825B31045FA9}.Ad-Hoc|iPhoneSimulator.ActiveCfg = Debug|Any CPU
		{17CD9456-E63D-4F01-A92B-825B31045FA9}.Ad-Hoc|iPhoneSimulator.Build.0 = Debug|Any CPU
		{17CD9456-E63D-4F01-A92B-825B31045FA9}.Ad-Hoc|iPhoneSimulator.Deploy.0 = Debug|Any CPU
		{17CD9456-E63D-4F01-A92B-825B31045FA9}.Ad-Hoc|x64.ActiveCfg = Debug|Any CPU
		{17CD9456-E63D-4F01-A92B-825B31045FA9}.Ad-Hoc|x64.Build.0 = Debug|Any CPU
		{17CD9456-E63D-4F01-A92B-825B31045FA9}.Ad-Hoc|x64.Deploy.0 = Debug|Any CPU
		{17CD9456-E63D-4F01-A92B-825B31045FA9}.Ad-Hoc|x86.ActiveCfg = Debug|Any CPU
		{17CD9456-E63D-4F01-A92B-825B31045FA9}.Ad-Hoc|x86.Build.0 = Debug|Any CPU
		{17CD9456-E63D-4F01-A92B-825B31045FA9}.Ad-Hoc|x86.Deploy.0 = Debug|Any CPU
		{17CD9456-E63D-4F01-A92B-825B31045FA9}.AppStore|Any CPU.ActiveCfg = Debug|Any CPU
		{17CD9456-E63D-4F01-A92B-825B31045FA9}.AppStore|Any CPU.Build.0 = Debug|Any CPU
		{17CD9456-E63D-4F01-A92B-825B31045FA9}.AppStore|Any CPU.Deploy.0 = Debug|Any CPU
		{17CD9456-E63D-4F01-A92B-825B31045FA9}.AppStore|ARM.ActiveCfg = Debug|Any CPU
		{17CD9456-E63D-4F01-A92B-825B31045FA9}.AppStore|ARM.Build.0 = Debug|Any CPU
		{17CD9456-E63D-4F01-A92B-825B31045FA9}.AppStore|ARM.Deploy.0 = Debug|Any CPU
		{17CD9456-E63D-4F01-A92B-825B31045FA9}.AppStore|ARM64.ActiveCfg = Debug|Any CPU
		{17CD9456-E63D-4F01-A92B-825B31045FA9}.AppStore|ARM64.Build.0 = Debug|Any CPU
		{17CD9456-E63D-4F01-A92B-825B31045FA9}.AppStore|ARM64.Deploy.0 = Debug|Any CPU
		{17CD9456-E63D-4F01-A92B-825B31045FA9}.AppStore|iPhone.ActiveCfg = Debug|Any CPU
		{17CD9456-E63D-4F01-A92B-825B31045FA9}.AppStore|iPhone.Build.0 = Debug|Any CPU
		{17CD9456-E63D-4F01-A92B-825B31045FA9}.AppStore|iPhone.Deploy.0 = Debug|Any CPU
		{17CD9456-E63D-4F01-A92B-825B31045FA9}.AppStore|iPhoneSimulator.ActiveCfg = Debug|Any CPU
		{17CD9456-E63D-4F01-A92B-825B31045FA9}.AppStore|iPhoneSimulator.Build.0 = Debug|Any CPU
		{17CD9456-E63D-4F01-A92B-825B31045FA9}.AppStore|iPhoneSimulator.Deploy.0 = Debug|Any CPU
		{17CD9456-E63D-4F01-A92B-825B31045FA9}.AppStore|x64.ActiveCfg = Debug|Any CPU
		{17CD9456-E63D-4F01-A92B-825B31045FA9}.AppStore|x64.Build.0 = Debug|Any CPU
		{17CD9456-E63D-4F01-A92B-825B31045FA9}.AppStore|x64.Deploy.0 = Debug|Any CPU
		{17CD9456-E63D-4F01-A92B-825B31045FA9}.AppStore|x86.ActiveCfg = Debug|Any CPU
		{17CD9456-E63D-4F01-A92B-825B31045FA9}.AppStore|x86.Build.0 = Debug|Any CPU
		{17CD9456-E63D-4F01-A92B-825B31045FA9}.AppStore|x86.Deploy.0 = Debug|Any CPU
		{17CD9456-E63D-4F01-A92B-825B31045FA9}.Debug|Any CPU.ActiveCfg = Debug|Any CPU
		{17CD9456-E63D-4F01-A92B-825B31045FA9}.Debug|Any CPU.Build.0 = Debug|Any CPU
		{17CD9456-E63D-4F01-A92B-825B31045FA9}.Debug|Any CPU.Deploy.0 = Debug|Any CPU
		{17CD9456-E63D-4F01-A92B-825B31045FA9}.Debug|ARM.ActiveCfg = Debug|Any CPU
		{17CD9456-E63D-4F01-A92B-825B31045FA9}.Debug|ARM.Build.0 = Debug|Any CPU
		{17CD9456-E63D-4F01-A92B-825B31045FA9}.Debug|ARM.Deploy.0 = Debug|Any CPU
		{17CD9456-E63D-4F01-A92B-825B31045FA9}.Debug|ARM64.ActiveCfg = Debug|Any CPU
		{17CD9456-E63D-4F01-A92B-825B31045FA9}.Debug|ARM64.Build.0 = Debug|Any CPU
		{17CD9456-E63D-4F01-A92B-825B31045FA9}.Debug|ARM64.Deploy.0 = Debug|Any CPU
		{17CD9456-E63D-4F01-A92B-825B31045FA9}.Debug|iPhone.ActiveCfg = Debug|Any CPU
		{17CD9456-E63D-4F01-A92B-825B31045FA9}.Debug|iPhone.Build.0 = Debug|Any CPU
		{17CD9456-E63D-4F01-A92B-825B31045FA9}.Debug|iPhone.Deploy.0 = Debug|Any CPU
		{17CD9456-E63D-4F01-A92B-825B31045FA9}.Debug|iPhoneSimulator.ActiveCfg = Debug|Any CPU
		{17CD9456-E63D-4F01-A92B-825B31045FA9}.Debug|iPhoneSimulator.Build.0 = Debug|Any CPU
		{17CD9456-E63D-4F01-A92B-825B31045FA9}.Debug|iPhoneSimulator.Deploy.0 = Debug|Any CPU
		{17CD9456-E63D-4F01-A92B-825B31045FA9}.Debug|x64.ActiveCfg = Debug|Any CPU
		{17CD9456-E63D-4F01-A92B-825B31045FA9}.Debug|x64.Build.0 = Debug|Any CPU
		{17CD9456-E63D-4F01-A92B-825B31045FA9}.Debug|x64.Deploy.0 = Debug|Any CPU
		{17CD9456-E63D-4F01-A92B-825B31045FA9}.Debug|x86.ActiveCfg = Debug|Any CPU
		{17CD9456-E63D-4F01-A92B-825B31045FA9}.Debug|x86.Build.0 = Debug|Any CPU
		{17CD9456-E63D-4F01-A92B-825B31045FA9}.Debug|x86.Deploy.0 = Debug|Any CPU
		{17CD9456-E63D-4F01-A92B-825B31045FA9}.Release|Any CPU.ActiveCfg = Release|Any CPU
		{17CD9456-E63D-4F01-A92B-825B31045FA9}.Release|Any CPU.Build.0 = Release|Any CPU
		{17CD9456-E63D-4F01-A92B-825B31045FA9}.Release|Any CPU.Deploy.0 = Release|Any CPU
		{17CD9456-E63D-4F01-A92B-825B31045FA9}.Release|ARM.ActiveCfg = Release|Any CPU
		{17CD9456-E63D-4F01-A92B-825B31045FA9}.Release|ARM.Build.0 = Release|Any CPU
		{17CD9456-E63D-4F01-A92B-825B31045FA9}.Release|ARM.Deploy.0 = Release|Any CPU
		{17CD9456-E63D-4F01-A92B-825B31045FA9}.Release|ARM64.ActiveCfg = Release|Any CPU
		{17CD9456-E63D-4F01-A92B-825B31045FA9}.Release|ARM64.Build.0 = Release|Any CPU
		{17CD9456-E63D-4F01-A92B-825B31045FA9}.Release|ARM64.Deploy.0 = Release|Any CPU
		{17CD9456-E63D-4F01-A92B-825B31045FA9}.Release|iPhone.ActiveCfg = Release|Any CPU
		{17CD9456-E63D-4F01-A92B-825B31045FA9}.Release|iPhone.Build.0 = Release|Any CPU
		{17CD9456-E63D-4F01-A92B-825B31045FA9}.Release|iPhone.Deploy.0 = Release|Any CPU
		{17CD9456-E63D-4F01-A92B-825B31045FA9}.Release|iPhoneSimulator.ActiveCfg = Release|Any CPU
		{17CD9456-E63D-4F01-A92B-825B31045FA9}.Release|iPhoneSimulator.Build.0 = Release|Any CPU
		{17CD9456-E63D-4F01-A92B-825B31045FA9}.Release|iPhoneSimulator.Deploy.0 = Release|Any CPU
		{17CD9456-E63D-4F01-A92B-825B31045FA9}.Release|x64.ActiveCfg = Release|Any CPU
		{17CD9456-E63D-4F01-A92B-825B31045FA9}.Release|x64.Build.0 = Release|Any CPU
		{17CD9456-E63D-4F01-A92B-825B31045FA9}.Release|x64.Deploy.0 = Release|Any CPU
		{17CD9456-E63D-4F01-A92B-825B31045FA9}.Release|x86.ActiveCfg = Release|Any CPU
		{17CD9456-E63D-4F01-A92B-825B31045FA9}.Release|x86.Build.0 = Release|Any CPU
		{17CD9456-E63D-4F01-A92B-825B31045FA9}.Release|x86.Deploy.0 = Release|Any CPU
		{CD56FC8A-ADBD-4C9D-B506-9DB890CC1DF9}.Ad-Hoc|Any CPU.ActiveCfg = Debug|x64
		{CD56FC8A-ADBD-4C9D-B506-9DB890CC1DF9}.Ad-Hoc|Any CPU.Build.0 = Debug|x64
		{CD56FC8A-ADBD-4C9D-B506-9DB890CC1DF9}.Ad-Hoc|ARM.ActiveCfg = Debug|x64
		{CD56FC8A-ADBD-4C9D-B506-9DB890CC1DF9}.Ad-Hoc|ARM.Build.0 = Debug|x64
		{CD56FC8A-ADBD-4C9D-B506-9DB890CC1DF9}.Ad-Hoc|ARM64.ActiveCfg = Debug|arm64
		{CD56FC8A-ADBD-4C9D-B506-9DB890CC1DF9}.Ad-Hoc|ARM64.Build.0 = Debug|arm64
		{CD56FC8A-ADBD-4C9D-B506-9DB890CC1DF9}.Ad-Hoc|iPhone.ActiveCfg = Debug|x64
		{CD56FC8A-ADBD-4C9D-B506-9DB890CC1DF9}.Ad-Hoc|iPhone.Build.0 = Debug|x64
		{CD56FC8A-ADBD-4C9D-B506-9DB890CC1DF9}.Ad-Hoc|iPhoneSimulator.ActiveCfg = Debug|x64
		{CD56FC8A-ADBD-4C9D-B506-9DB890CC1DF9}.Ad-Hoc|iPhoneSimulator.Build.0 = Debug|x64
		{CD56FC8A-ADBD-4C9D-B506-9DB890CC1DF9}.Ad-Hoc|x64.ActiveCfg = Debug|x64
		{CD56FC8A-ADBD-4C9D-B506-9DB890CC1DF9}.Ad-Hoc|x64.Build.0 = Debug|x64
		{CD56FC8A-ADBD-4C9D-B506-9DB890CC1DF9}.Ad-Hoc|x86.ActiveCfg = Debug|x86
		{CD56FC8A-ADBD-4C9D-B506-9DB890CC1DF9}.Ad-Hoc|x86.Build.0 = Debug|x86
		{CD56FC8A-ADBD-4C9D-B506-9DB890CC1DF9}.AppStore|Any CPU.ActiveCfg = Debug|x64
		{CD56FC8A-ADBD-4C9D-B506-9DB890CC1DF9}.AppStore|Any CPU.Build.0 = Debug|x64
		{CD56FC8A-ADBD-4C9D-B506-9DB890CC1DF9}.AppStore|ARM.ActiveCfg = Debug|x64
		{CD56FC8A-ADBD-4C9D-B506-9DB890CC1DF9}.AppStore|ARM.Build.0 = Debug|x64
		{CD56FC8A-ADBD-4C9D-B506-9DB890CC1DF9}.AppStore|ARM64.ActiveCfg = Debug|arm64
		{CD56FC8A-ADBD-4C9D-B506-9DB890CC1DF9}.AppStore|ARM64.Build.0 = Debug|arm64
		{CD56FC8A-ADBD-4C9D-B506-9DB890CC1DF9}.AppStore|iPhone.ActiveCfg = Debug|x64
		{CD56FC8A-ADBD-4C9D-B506-9DB890CC1DF9}.AppStore|iPhone.Build.0 = Debug|x64
		{CD56FC8A-ADBD-4C9D-B506-9DB890CC1DF9}.AppStore|iPhoneSimulator.ActiveCfg = Debug|x64
		{CD56FC8A-ADBD-4C9D-B506-9DB890CC1DF9}.AppStore|iPhoneSimulator.Build.0 = Debug|x64
		{CD56FC8A-ADBD-4C9D-B506-9DB890CC1DF9}.AppStore|x64.ActiveCfg = Debug|x64
		{CD56FC8A-ADBD-4C9D-B506-9DB890CC1DF9}.AppStore|x64.Build.0 = Debug|x64
		{CD56FC8A-ADBD-4C9D-B506-9DB890CC1DF9}.AppStore|x86.ActiveCfg = Debug|x86
		{CD56FC8A-ADBD-4C9D-B506-9DB890CC1DF9}.AppStore|x86.Build.0 = Debug|x86
		{CD56FC8A-ADBD-4C9D-B506-9DB890CC1DF9}.Debug|Any CPU.ActiveCfg = Debug|x64
		{CD56FC8A-ADBD-4C9D-B506-9DB890CC1DF9}.Debug|Any CPU.Build.0 = Debug|x64
		{CD56FC8A-ADBD-4C9D-B506-9DB890CC1DF9}.Debug|Any CPU.Deploy.0 = Debug|x64
		{CD56FC8A-ADBD-4C9D-B506-9DB890CC1DF9}.Debug|ARM.ActiveCfg = Debug|x64
		{CD56FC8A-ADBD-4C9D-B506-9DB890CC1DF9}.Debug|ARM.Build.0 = Debug|x64
		{CD56FC8A-ADBD-4C9D-B506-9DB890CC1DF9}.Debug|ARM64.ActiveCfg = Debug|arm64
		{CD56FC8A-ADBD-4C9D-B506-9DB890CC1DF9}.Debug|ARM64.Build.0 = Debug|arm64
		{CD56FC8A-ADBD-4C9D-B506-9DB890CC1DF9}.Debug|iPhone.ActiveCfg = Debug|x64
		{CD56FC8A-ADBD-4C9D-B506-9DB890CC1DF9}.Debug|iPhone.Build.0 = Debug|x64
		{CD56FC8A-ADBD-4C9D-B506-9DB890CC1DF9}.Debug|iPhoneSimulator.ActiveCfg = Debug|x64
		{CD56FC8A-ADBD-4C9D-B506-9DB890CC1DF9}.Debug|iPhoneSimulator.Build.0 = Debug|x64
		{CD56FC8A-ADBD-4C9D-B506-9DB890CC1DF9}.Debug|x64.ActiveCfg = Debug|x64
		{CD56FC8A-ADBD-4C9D-B506-9DB890CC1DF9}.Debug|x64.Build.0 = Debug|x64
		{CD56FC8A-ADBD-4C9D-B506-9DB890CC1DF9}.Debug|x86.ActiveCfg = Debug|x86
		{CD56FC8A-ADBD-4C9D-B506-9DB890CC1DF9}.Debug|x86.Build.0 = Debug|x86
		{CD56FC8A-ADBD-4C9D-B506-9DB890CC1DF9}.Release|Any CPU.ActiveCfg = Release|x64
		{CD56FC8A-ADBD-4C9D-B506-9DB890CC1DF9}.Release|Any CPU.Build.0 = Release|x64
		{CD56FC8A-ADBD-4C9D-B506-9DB890CC1DF9}.Release|ARM.ActiveCfg = Release|x64
		{CD56FC8A-ADBD-4C9D-B506-9DB890CC1DF9}.Release|ARM.Build.0 = Release|x64
		{CD56FC8A-ADBD-4C9D-B506-9DB890CC1DF9}.Release|ARM64.ActiveCfg = Release|arm64
		{CD56FC8A-ADBD-4C9D-B506-9DB890CC1DF9}.Release|ARM64.Build.0 = Release|arm64
		{CD56FC8A-ADBD-4C9D-B506-9DB890CC1DF9}.Release|iPhone.ActiveCfg = Release|x64
		{CD56FC8A-ADBD-4C9D-B506-9DB890CC1DF9}.Release|iPhone.Build.0 = Release|x64
		{CD56FC8A-ADBD-4C9D-B506-9DB890CC1DF9}.Release|iPhoneSimulator.ActiveCfg = Release|x64
		{CD56FC8A-ADBD-4C9D-B506-9DB890CC1DF9}.Release|iPhoneSimulator.Build.0 = Release|x64
		{CD56FC8A-ADBD-4C9D-B506-9DB890CC1DF9}.Release|x64.ActiveCfg = Release|x64
		{CD56FC8A-ADBD-4C9D-B506-9DB890CC1DF9}.Release|x64.Build.0 = Release|x64
		{CD56FC8A-ADBD-4C9D-B506-9DB890CC1DF9}.Release|x86.ActiveCfg = Release|x86
		{CD56FC8A-ADBD-4C9D-B506-9DB890CC1DF9}.Release|x86.Build.0 = Release|x86
		{26E2914F-4B4B-43EF-945B-CC2669D1A454}.Ad-Hoc|Any CPU.ActiveCfg = Debug|Any CPU
		{26E2914F-4B4B-43EF-945B-CC2669D1A454}.Ad-Hoc|Any CPU.Build.0 = Debug|Any CPU
		{26E2914F-4B4B-43EF-945B-CC2669D1A454}.Ad-Hoc|ARM.ActiveCfg = Debug|Any CPU
		{26E2914F-4B4B-43EF-945B-CC2669D1A454}.Ad-Hoc|ARM.Build.0 = Debug|Any CPU
		{26E2914F-4B4B-43EF-945B-CC2669D1A454}.Ad-Hoc|ARM64.ActiveCfg = Debug|Any CPU
		{26E2914F-4B4B-43EF-945B-CC2669D1A454}.Ad-Hoc|ARM64.Build.0 = Debug|Any CPU
		{26E2914F-4B4B-43EF-945B-CC2669D1A454}.Ad-Hoc|iPhone.ActiveCfg = Debug|Any CPU
		{26E2914F-4B4B-43EF-945B-CC2669D1A454}.Ad-Hoc|iPhone.Build.0 = Debug|Any CPU
		{26E2914F-4B4B-43EF-945B-CC2669D1A454}.Ad-Hoc|iPhoneSimulator.ActiveCfg = Debug|Any CPU
		{26E2914F-4B4B-43EF-945B-CC2669D1A454}.Ad-Hoc|iPhoneSimulator.Build.0 = Debug|Any CPU
		{26E2914F-4B4B-43EF-945B-CC2669D1A454}.Ad-Hoc|x64.ActiveCfg = Debug|Any CPU
		{26E2914F-4B4B-43EF-945B-CC2669D1A454}.Ad-Hoc|x64.Build.0 = Debug|Any CPU
		{26E2914F-4B4B-43EF-945B-CC2669D1A454}.Ad-Hoc|x86.ActiveCfg = Debug|Any CPU
		{26E2914F-4B4B-43EF-945B-CC2669D1A454}.Ad-Hoc|x86.Build.0 = Debug|Any CPU
		{26E2914F-4B4B-43EF-945B-CC2669D1A454}.AppStore|Any CPU.ActiveCfg = Debug|Any CPU
		{26E2914F-4B4B-43EF-945B-CC2669D1A454}.AppStore|Any CPU.Build.0 = Debug|Any CPU
		{26E2914F-4B4B-43EF-945B-CC2669D1A454}.AppStore|ARM.ActiveCfg = Debug|Any CPU
		{26E2914F-4B4B-43EF-945B-CC2669D1A454}.AppStore|ARM.Build.0 = Debug|Any CPU
		{26E2914F-4B4B-43EF-945B-CC2669D1A454}.AppStore|ARM64.ActiveCfg = Debug|Any CPU
		{26E2914F-4B4B-43EF-945B-CC2669D1A454}.AppStore|ARM64.Build.0 = Debug|Any CPU
		{26E2914F-4B4B-43EF-945B-CC2669D1A454}.AppStore|iPhone.ActiveCfg = Debug|Any CPU
		{26E2914F-4B4B-43EF-945B-CC2669D1A454}.AppStore|iPhone.Build.0 = Debug|Any CPU
		{26E2914F-4B4B-43EF-945B-CC2669D1A454}.AppStore|iPhoneSimulator.ActiveCfg = Debug|Any CPU
		{26E2914F-4B4B-43EF-945B-CC2669D1A454}.AppStore|iPhoneSimulator.Build.0 = Debug|Any CPU
		{26E2914F-4B4B-43EF-945B-CC2669D1A454}.AppStore|x64.ActiveCfg = Debug|Any CPU
		{26E2914F-4B4B-43EF-945B-CC2669D1A454}.AppStore|x64.Build.0 = Debug|Any CPU
		{26E2914F-4B4B-43EF-945B-CC2669D1A454}.AppStore|x86.ActiveCfg = Debug|Any CPU
		{26E2914F-4B4B-43EF-945B-CC2669D1A454}.AppStore|x86.Build.0 = Debug|Any CPU
		{26E2914F-4B4B-43EF-945B-CC2669D1A454}.Debug|Any CPU.ActiveCfg = Debug|Any CPU
		{26E2914F-4B4B-43EF-945B-CC2669D1A454}.Debug|Any CPU.Build.0 = Debug|Any CPU
		{26E2914F-4B4B-43EF-945B-CC2669D1A454}.Debug|ARM.ActiveCfg = Debug|Any CPU
		{26E2914F-4B4B-43EF-945B-CC2669D1A454}.Debug|ARM.Build.0 = Debug|Any CPU
		{26E2914F-4B4B-43EF-945B-CC2669D1A454}.Debug|ARM64.ActiveCfg = Debug|Any CPU
		{26E2914F-4B4B-43EF-945B-CC2669D1A454}.Debug|ARM64.Build.0 = Debug|Any CPU
		{26E2914F-4B4B-43EF-945B-CC2669D1A454}.Debug|iPhone.ActiveCfg = Debug|Any CPU
		{26E2914F-4B4B-43EF-945B-CC2669D1A454}.Debug|iPhone.Build.0 = Debug|Any CPU
		{26E2914F-4B4B-43EF-945B-CC2669D1A454}.Debug|iPhoneSimulator.ActiveCfg = Debug|Any CPU
		{26E2914F-4B4B-43EF-945B-CC2669D1A454}.Debug|iPhoneSimulator.Build.0 = Debug|Any CPU
		{26E2914F-4B4B-43EF-945B-CC2669D1A454}.Debug|x64.ActiveCfg = Debug|Any CPU
		{26E2914F-4B4B-43EF-945B-CC2669D1A454}.Debug|x64.Build.0 = Debug|Any CPU
		{26E2914F-4B4B-43EF-945B-CC2669D1A454}.Debug|x86.ActiveCfg = Debug|Any CPU
		{26E2914F-4B4B-43EF-945B-CC2669D1A454}.Debug|x86.Build.0 = Debug|Any CPU
		{26E2914F-4B4B-43EF-945B-CC2669D1A454}.Release|Any CPU.ActiveCfg = Release|Any CPU
		{26E2914F-4B4B-43EF-945B-CC2669D1A454}.Release|Any CPU.Build.0 = Release|Any CPU
		{26E2914F-4B4B-43EF-945B-CC2669D1A454}.Release|ARM.ActiveCfg = Release|Any CPU
		{26E2914F-4B4B-43EF-945B-CC2669D1A454}.Release|ARM.Build.0 = Release|Any CPU
		{26E2914F-4B4B-43EF-945B-CC2669D1A454}.Release|ARM64.ActiveCfg = Release|Any CPU
		{26E2914F-4B4B-43EF-945B-CC2669D1A454}.Release|ARM64.Build.0 = Release|Any CPU
		{26E2914F-4B4B-43EF-945B-CC2669D1A454}.Release|iPhone.ActiveCfg = Release|Any CPU
		{26E2914F-4B4B-43EF-945B-CC2669D1A454}.Release|iPhone.Build.0 = Release|Any CPU
		{26E2914F-4B4B-43EF-945B-CC2669D1A454}.Release|iPhoneSimulator.ActiveCfg = Release|Any CPU
		{26E2914F-4B4B-43EF-945B-CC2669D1A454}.Release|iPhoneSimulator.Build.0 = Release|Any CPU
		{26E2914F-4B4B-43EF-945B-CC2669D1A454}.Release|x64.ActiveCfg = Release|Any CPU
		{26E2914F-4B4B-43EF-945B-CC2669D1A454}.Release|x64.Build.0 = Release|Any CPU
		{26E2914F-4B4B-43EF-945B-CC2669D1A454}.Release|x86.ActiveCfg = Release|Any CPU
		{26E2914F-4B4B-43EF-945B-CC2669D1A454}.Release|x86.Build.0 = Release|Any CPU
		{899B18A9-E4BA-4B26-ADF6-A01AEE393FC0}.Ad-Hoc|Any CPU.ActiveCfg = Debug|Any CPU
		{899B18A9-E4BA-4B26-ADF6-A01AEE393FC0}.Ad-Hoc|Any CPU.Build.0 = Debug|Any CPU
		{899B18A9-E4BA-4B26-ADF6-A01AEE393FC0}.Ad-Hoc|ARM.ActiveCfg = Debug|Any CPU
		{899B18A9-E4BA-4B26-ADF6-A01AEE393FC0}.Ad-Hoc|ARM.Build.0 = Debug|Any CPU
		{899B18A9-E4BA-4B26-ADF6-A01AEE393FC0}.Ad-Hoc|ARM64.ActiveCfg = Debug|Any CPU
		{899B18A9-E4BA-4B26-ADF6-A01AEE393FC0}.Ad-Hoc|ARM64.Build.0 = Debug|Any CPU
		{899B18A9-E4BA-4B26-ADF6-A01AEE393FC0}.Ad-Hoc|iPhone.ActiveCfg = Debug|Any CPU
		{899B18A9-E4BA-4B26-ADF6-A01AEE393FC0}.Ad-Hoc|iPhone.Build.0 = Debug|Any CPU
		{899B18A9-E4BA-4B26-ADF6-A01AEE393FC0}.Ad-Hoc|iPhoneSimulator.ActiveCfg = Debug|Any CPU
		{899B18A9-E4BA-4B26-ADF6-A01AEE393FC0}.Ad-Hoc|iPhoneSimulator.Build.0 = Debug|Any CPU
		{899B18A9-E4BA-4B26-ADF6-A01AEE393FC0}.Ad-Hoc|x64.ActiveCfg = Debug|Any CPU
		{899B18A9-E4BA-4B26-ADF6-A01AEE393FC0}.Ad-Hoc|x64.Build.0 = Debug|Any CPU
		{899B18A9-E4BA-4B26-ADF6-A01AEE393FC0}.Ad-Hoc|x86.ActiveCfg = Debug|Any CPU
		{899B18A9-E4BA-4B26-ADF6-A01AEE393FC0}.Ad-Hoc|x86.Build.0 = Debug|Any CPU
		{899B18A9-E4BA-4B26-ADF6-A01AEE393FC0}.AppStore|Any CPU.ActiveCfg = Debug|Any CPU
		{899B18A9-E4BA-4B26-ADF6-A01AEE393FC0}.AppStore|Any CPU.Build.0 = Debug|Any CPU
		{899B18A9-E4BA-4B26-ADF6-A01AEE393FC0}.AppStore|ARM.ActiveCfg = Debug|Any CPU
		{899B18A9-E4BA-4B26-ADF6-A01AEE393FC0}.AppStore|ARM.Build.0 = Debug|Any CPU
		{899B18A9-E4BA-4B26-ADF6-A01AEE393FC0}.AppStore|ARM64.ActiveCfg = Debug|Any CPU
		{899B18A9-E4BA-4B26-ADF6-A01AEE393FC0}.AppStore|ARM64.Build.0 = Debug|Any CPU
		{899B18A9-E4BA-4B26-ADF6-A01AEE393FC0}.AppStore|iPhone.ActiveCfg = Debug|Any CPU
		{899B18A9-E4BA-4B26-ADF6-A01AEE393FC0}.AppStore|iPhone.Build.0 = Debug|Any CPU
		{899B18A9-E4BA-4B26-ADF6-A01AEE393FC0}.AppStore|iPhoneSimulator.ActiveCfg = Debug|Any CPU
		{899B18A9-E4BA-4B26-ADF6-A01AEE393FC0}.AppStore|iPhoneSimulator.Build.0 = Debug|Any CPU
		{899B18A9-E4BA-4B26-ADF6-A01AEE393FC0}.AppStore|x64.ActiveCfg = Debug|Any CPU
		{899B18A9-E4BA-4B26-ADF6-A01AEE393FC0}.AppStore|x64.Build.0 = Debug|Any CPU
		{899B18A9-E4BA-4B26-ADF6-A01AEE393FC0}.AppStore|x86.ActiveCfg = Debug|Any CPU
		{899B18A9-E4BA-4B26-ADF6-A01AEE393FC0}.AppStore|x86.Build.0 = Debug|Any CPU
		{899B18A9-E4BA-4B26-ADF6-A01AEE393FC0}.Debug|Any CPU.ActiveCfg = Debug|Any CPU
		{899B18A9-E4BA-4B26-ADF6-A01AEE393FC0}.Debug|Any CPU.Build.0 = Debug|Any CPU
		{899B18A9-E4BA-4B26-ADF6-A01AEE393FC0}.Debug|ARM.ActiveCfg = Debug|Any CPU
		{899B18A9-E4BA-4B26-ADF6-A01AEE393FC0}.Debug|ARM.Build.0 = Debug|Any CPU
		{899B18A9-E4BA-4B26-ADF6-A01AEE393FC0}.Debug|ARM64.ActiveCfg = Debug|Any CPU
		{899B18A9-E4BA-4B26-ADF6-A01AEE393FC0}.Debug|ARM64.Build.0 = Debug|Any CPU
		{899B18A9-E4BA-4B26-ADF6-A01AEE393FC0}.Debug|iPhone.ActiveCfg = Debug|Any CPU
		{899B18A9-E4BA-4B26-ADF6-A01AEE393FC0}.Debug|iPhone.Build.0 = Debug|Any CPU
		{899B18A9-E4BA-4B26-ADF6-A01AEE393FC0}.Debug|iPhoneSimulator.ActiveCfg = Debug|Any CPU
		{899B18A9-E4BA-4B26-ADF6-A01AEE393FC0}.Debug|iPhoneSimulator.Build.0 = Debug|Any CPU
		{899B18A9-E4BA-4B26-ADF6-A01AEE393FC0}.Debug|x64.ActiveCfg = Debug|Any CPU
		{899B18A9-E4BA-4B26-ADF6-A01AEE393FC0}.Debug|x64.Build.0 = Debug|Any CPU
		{899B18A9-E4BA-4B26-ADF6-A01AEE393FC0}.Debug|x86.ActiveCfg = Debug|Any CPU
		{899B18A9-E4BA-4B26-ADF6-A01AEE393FC0}.Debug|x86.Build.0 = Debug|Any CPU
		{899B18A9-E4BA-4B26-ADF6-A01AEE393FC0}.Release|Any CPU.ActiveCfg = Release|Any CPU
		{899B18A9-E4BA-4B26-ADF6-A01AEE393FC0}.Release|Any CPU.Build.0 = Release|Any CPU
		{899B18A9-E4BA-4B26-ADF6-A01AEE393FC0}.Release|ARM.ActiveCfg = Release|Any CPU
		{899B18A9-E4BA-4B26-ADF6-A01AEE393FC0}.Release|ARM.Build.0 = Release|Any CPU
		{899B18A9-E4BA-4B26-ADF6-A01AEE393FC0}.Release|ARM64.ActiveCfg = Release|Any CPU
		{899B18A9-E4BA-4B26-ADF6-A01AEE393FC0}.Release|ARM64.Build.0 = Release|Any CPU
		{899B18A9-E4BA-4B26-ADF6-A01AEE393FC0}.Release|iPhone.ActiveCfg = Release|Any CPU
		{899B18A9-E4BA-4B26-ADF6-A01AEE393FC0}.Release|iPhone.Build.0 = Release|Any CPU
		{899B18A9-E4BA-4B26-ADF6-A01AEE393FC0}.Release|iPhoneSimulator.ActiveCfg = Release|Any CPU
		{899B18A9-E4BA-4B26-ADF6-A01AEE393FC0}.Release|iPhoneSimulator.Build.0 = Release|Any CPU
		{899B18A9-E4BA-4B26-ADF6-A01AEE393FC0}.Release|x64.ActiveCfg = Release|Any CPU
		{899B18A9-E4BA-4B26-ADF6-A01AEE393FC0}.Release|x64.Build.0 = Release|Any CPU
		{899B18A9-E4BA-4B26-ADF6-A01AEE393FC0}.Release|x86.ActiveCfg = Release|Any CPU
		{899B18A9-E4BA-4B26-ADF6-A01AEE393FC0}.Release|x86.Build.0 = Release|Any CPU
		{35045619-50CE-4FF6-92FE-388C972395DB}.Ad-Hoc|Any CPU.ActiveCfg = Debug|Any CPU
		{35045619-50CE-4FF6-92FE-388C972395DB}.Ad-Hoc|Any CPU.Build.0 = Debug|Any CPU
		{35045619-50CE-4FF6-92FE-388C972395DB}.Ad-Hoc|ARM.ActiveCfg = Debug|Any CPU
		{35045619-50CE-4FF6-92FE-388C972395DB}.Ad-Hoc|ARM.Build.0 = Debug|Any CPU
		{35045619-50CE-4FF6-92FE-388C972395DB}.Ad-Hoc|ARM64.ActiveCfg = Debug|Any CPU
		{35045619-50CE-4FF6-92FE-388C972395DB}.Ad-Hoc|ARM64.Build.0 = Debug|Any CPU
		{35045619-50CE-4FF6-92FE-388C972395DB}.Ad-Hoc|iPhone.ActiveCfg = Debug|Any CPU
		{35045619-50CE-4FF6-92FE-388C972395DB}.Ad-Hoc|iPhone.Build.0 = Debug|Any CPU
		{35045619-50CE-4FF6-92FE-388C972395DB}.Ad-Hoc|iPhoneSimulator.ActiveCfg = Debug|Any CPU
		{35045619-50CE-4FF6-92FE-388C972395DB}.Ad-Hoc|iPhoneSimulator.Build.0 = Debug|Any CPU
		{35045619-50CE-4FF6-92FE-388C972395DB}.Ad-Hoc|x64.ActiveCfg = Debug|Any CPU
		{35045619-50CE-4FF6-92FE-388C972395DB}.Ad-Hoc|x64.Build.0 = Debug|Any CPU
		{35045619-50CE-4FF6-92FE-388C972395DB}.Ad-Hoc|x86.ActiveCfg = Debug|Any CPU
		{35045619-50CE-4FF6-92FE-388C972395DB}.Ad-Hoc|x86.Build.0 = Debug|Any CPU
		{35045619-50CE-4FF6-92FE-388C972395DB}.AppStore|Any CPU.ActiveCfg = Debug|Any CPU
		{35045619-50CE-4FF6-92FE-388C972395DB}.AppStore|Any CPU.Build.0 = Debug|Any CPU
		{35045619-50CE-4FF6-92FE-388C972395DB}.AppStore|ARM.ActiveCfg = Debug|Any CPU
		{35045619-50CE-4FF6-92FE-388C972395DB}.AppStore|ARM.Build.0 = Debug|Any CPU
		{35045619-50CE-4FF6-92FE-388C972395DB}.AppStore|ARM64.ActiveCfg = Debug|Any CPU
		{35045619-50CE-4FF6-92FE-388C972395DB}.AppStore|ARM64.Build.0 = Debug|Any CPU
		{35045619-50CE-4FF6-92FE-388C972395DB}.AppStore|iPhone.ActiveCfg = Debug|Any CPU
		{35045619-50CE-4FF6-92FE-388C972395DB}.AppStore|iPhone.Build.0 = Debug|Any CPU
		{35045619-50CE-4FF6-92FE-388C972395DB}.AppStore|iPhoneSimulator.ActiveCfg = Debug|Any CPU
		{35045619-50CE-4FF6-92FE-388C972395DB}.AppStore|iPhoneSimulator.Build.0 = Debug|Any CPU
		{35045619-50CE-4FF6-92FE-388C972395DB}.AppStore|x64.ActiveCfg = Debug|Any CPU
		{35045619-50CE-4FF6-92FE-388C972395DB}.AppStore|x64.Build.0 = Debug|Any CPU
		{35045619-50CE-4FF6-92FE-388C972395DB}.AppStore|x86.ActiveCfg = Debug|Any CPU
		{35045619-50CE-4FF6-92FE-388C972395DB}.AppStore|x86.Build.0 = Debug|Any CPU
		{35045619-50CE-4FF6-92FE-388C972395DB}.Debug|Any CPU.ActiveCfg = Debug|Any CPU
		{35045619-50CE-4FF6-92FE-388C972395DB}.Debug|Any CPU.Build.0 = Debug|Any CPU
		{35045619-50CE-4FF6-92FE-388C972395DB}.Debug|ARM.ActiveCfg = Debug|Any CPU
		{35045619-50CE-4FF6-92FE-388C972395DB}.Debug|ARM.Build.0 = Debug|Any CPU
		{35045619-50CE-4FF6-92FE-388C972395DB}.Debug|ARM64.ActiveCfg = Debug|Any CPU
		{35045619-50CE-4FF6-92FE-388C972395DB}.Debug|ARM64.Build.0 = Debug|Any CPU
		{35045619-50CE-4FF6-92FE-388C972395DB}.Debug|iPhone.ActiveCfg = Debug|Any CPU
		{35045619-50CE-4FF6-92FE-388C972395DB}.Debug|iPhone.Build.0 = Debug|Any CPU
		{35045619-50CE-4FF6-92FE-388C972395DB}.Debug|iPhoneSimulator.ActiveCfg = Debug|Any CPU
		{35045619-50CE-4FF6-92FE-388C972395DB}.Debug|iPhoneSimulator.Build.0 = Debug|Any CPU
		{35045619-50CE-4FF6-92FE-388C972395DB}.Debug|x64.ActiveCfg = Debug|Any CPU
		{35045619-50CE-4FF6-92FE-388C972395DB}.Debug|x64.Build.0 = Debug|Any CPU
		{35045619-50CE-4FF6-92FE-388C972395DB}.Debug|x86.ActiveCfg = Debug|Any CPU
		{35045619-50CE-4FF6-92FE-388C972395DB}.Debug|x86.Build.0 = Debug|Any CPU
		{35045619-50CE-4FF6-92FE-388C972395DB}.Release|Any CPU.ActiveCfg = Release|Any CPU
		{35045619-50CE-4FF6-92FE-388C972395DB}.Release|Any CPU.Build.0 = Release|Any CPU
		{35045619-50CE-4FF6-92FE-388C972395DB}.Release|ARM.ActiveCfg = Release|Any CPU
		{35045619-50CE-4FF6-92FE-388C972395DB}.Release|ARM.Build.0 = Release|Any CPU
		{35045619-50CE-4FF6-92FE-388C972395DB}.Release|ARM64.ActiveCfg = Release|Any CPU
		{35045619-50CE-4FF6-92FE-388C972395DB}.Release|ARM64.Build.0 = Release|Any CPU
		{35045619-50CE-4FF6-92FE-388C972395DB}.Release|iPhone.ActiveCfg = Release|Any CPU
		{35045619-50CE-4FF6-92FE-388C972395DB}.Release|iPhone.Build.0 = Release|Any CPU
		{35045619-50CE-4FF6-92FE-388C972395DB}.Release|iPhoneSimulator.ActiveCfg = Release|Any CPU
		{35045619-50CE-4FF6-92FE-388C972395DB}.Release|iPhoneSimulator.Build.0 = Release|Any CPU
		{35045619-50CE-4FF6-92FE-388C972395DB}.Release|x64.ActiveCfg = Release|Any CPU
		{35045619-50CE-4FF6-92FE-388C972395DB}.Release|x64.Build.0 = Release|Any CPU
		{35045619-50CE-4FF6-92FE-388C972395DB}.Release|x86.ActiveCfg = Release|Any CPU
		{35045619-50CE-4FF6-92FE-388C972395DB}.Release|x86.Build.0 = Release|Any CPU
	EndGlobalSection
	GlobalSection(SolutionProperties) = preSolution
		HideSolutionNode = FALSE
	EndGlobalSection
	GlobalSection(NestedProjects) = preSolution
		{90600D58-C6C8-46F1-BC19-BD1BEDDB8332} = {80122D1F-2007-42DF-8D9B-40E81093B800}
		{A7CA591C-6BB0-4C92-AD26-4482E6163674} = {80122D1F-2007-42DF-8D9B-40E81093B800}
		{17CD9456-E63D-4F01-A92B-825B31045FA9} = {B33CA1B4-44EE-4E67-ACF2-8DD48F6F5423}
		{CD56FC8A-ADBD-4C9D-B506-9DB890CC1DF9} = {B33CA1B4-44EE-4E67-ACF2-8DD48F6F5423}
		{26E2914F-4B4B-43EF-945B-CC2669D1A454} = {B33CA1B4-44EE-4E67-ACF2-8DD48F6F5423}
		{899B18A9-E4BA-4B26-ADF6-A01AEE393FC0} = {B33CA1B4-44EE-4E67-ACF2-8DD48F6F5423}
		{35045619-50CE-4FF6-92FE-388C972395DB} = {B33CA1B4-44EE-4E67-ACF2-8DD48F6F5423}
	EndGlobalSection
	GlobalSection(ExtensibilityGlobals) = postSolution
		SolutionGuid = {C7433AE2-B1A0-4C1A-887E-5CAA7AAF67A6}
	EndGlobalSection
EndGlobal
